// !$*UTF8*$!
{
	archiveVersion = 1;
	classes = {
	};
	objectVersion = 46;
	objects = {

/* Begin PBXBuildFile section */
		188DAF811AA4CC4200BE1C67 /* main.m in Sources */ = {isa = PBXBuildFile; fileRef = 188DAF801AA4CC4200BE1C67 /* main.m */; };
		188DAF841AA4CC4200BE1C67 /* AppDelegate.m in Sources */ = {isa = PBXBuildFile; fileRef = 188DAF831AA4CC4200BE1C67 /* AppDelegate.m */; };
		188DAF871AA4CC4200BE1C67 /* ViewController.m in Sources */ = {isa = PBXBuildFile; fileRef = 188DAF861AA4CC4200BE1C67 /* ViewController.m */; };
		188DAF8A1AA4CC4200BE1C67 /* Main.storyboard in Resources */ = {isa = PBXBuildFile; fileRef = 188DAF881AA4CC4200BE1C67 /* Main.storyboard */; };
		188DAF8C1AA4CC4200BE1C67 /* Images.xcassets in Resources */ = {isa = PBXBuildFile; fileRef = 188DAF8B1AA4CC4200BE1C67 /* Images.xcassets */; };
		188DAF8F1AA4CC4200BE1C67 /* LaunchScreen.xib in Resources */ = {isa = PBXBuildFile; fileRef = 188DAF8D1AA4CC4200BE1C67 /* LaunchScreen.xib */; };
		188DAF9B1AA4CC4300BE1C67 /* Age_CalculatorTests.m in Sources */ = {isa = PBXBuildFile; fileRef = 188DAF9A1AA4CC4300BE1C67 /* Age_CalculatorTests.m */; };
		188DAFA61AA4E7F200BE1C67 /* DatePickerViewController.m in Sources */ = {isa = PBXBuildFile; fileRef = 188DAFA51AA4E7F200BE1C67 /* DatePickerViewController.m */; };
/* End PBXBuildFile section */

/* Begin PBXContainerItemProxy section */
		188DAF951AA4CC4300BE1C67 /* PBXContainerItemProxy */ = {
			isa = PBXContainerItemProxy;
			containerPortal = 188DAF731AA4CC4200BE1C67 /* Project object */;
			proxyType = 1;
			remoteGlobalIDString = 188DAF7A1AA4CC4200BE1C67;
			remoteInfo = "Age Calculator";
		};
/* End PBXContainerItemProxy section */

/* Begin PBXFileReference section */
		188DAF7B1AA4CC4200BE1C67 /* Age Calculator.app */ = {isa = PBXFileReference; explicitFileType = wrapper.application; includeInIndex = 0; path = "Age Calculator.app"; sourceTree = BUILT_PRODUCTS_DIR; };
		188DAF7F1AA4CC4200BE1C67 /* Info.plist */ = {isa = PBXFileReference; lastKnownFileType = text.plist.xml; path = Info.plist; sourceTree = "<group>"; };
		188DAF801AA4CC4200BE1C67 /* main.m */ = {isa = PBXFileReference; lastKnownFileType = sourcecode.c.objc; path = main.m; sourceTree = "<group>"; };
		188DAF821AA4CC4200BE1C67 /* AppDelegate.h */ = {isa = PBXFileReference; lastKnownFileType = sourcecode.c.h; path = AppDelegate.h; sourceTree = "<group>"; };
		188DAF831AA4CC4200BE1C67 /* AppDelegate.m */ = {isa = PBXFileReference; lastKnownFileType = sourcecode.c.objc; path = AppDelegate.m; sourceTree = "<group>"; };
		188DAF851AA4CC4200BE1C67 /* ViewController.h */ = {isa = PBXFileReference; lastKnownFileType = sourcecode.c.h; path = ViewController.h; sourceTree = "<group>"; };
		188DAF861AA4CC4200BE1C67 /* ViewController.m */ = {isa = PBXFileReference; lastKnownFileType = sourcecode.c.objc; path = ViewController.m; sourceTree = "<group>"; };
		188DAF891AA4CC4200BE1C67 /* Base */ = {isa = PBXFileReference; lastKnownFileType = file.storyboard; name = Base; path = Base.lproj/Main.storyboard; sourceTree = "<group>"; };
		188DAF8B1AA4CC4200BE1C67 /* Images.xcassets */ = {isa = PBXFileReference; lastKnownFileType = folder.assetcatalog; path = Images.xcassets; sourceTree = "<group>"; };
		188DAF8E1AA4CC4200BE1C67 /* Base */ = {isa = PBXFileReference; lastKnownFileType = file.xib; name = Base; path = Base.lproj/LaunchScreen.xib; sourceTree = "<group>"; };
		188DAF941AA4CC4300BE1C67 /* Age CalculatorTests.xctest */ = {isa = PBXFileReference; explicitFileType = wrapper.cfbundle; includeInIndex = 0; path = "Age CalculatorTests.xctest"; sourceTree = BUILT_PRODUCTS_DIR; };
		188DAF991AA4CC4300BE1C67 /* Info.plist */ = {isa = PBXFileReference; lastKnownFileType = text.plist.xml; path = Info.plist; sourceTree = "<group>"; };
		188DAF9A1AA4CC4300BE1C67 /* Age_CalculatorTests.m */ = {isa = PBXFileReference; lastKnownFileType = sourcecode.c.objc; path = Age_CalculatorTests.m; sourceTree = "<group>"; };
		188DAFA41AA4E7F200BE1C67 /* DatePickerViewController.h */ = {isa = PBXFileReference; fileEncoding = 4; lastKnownFileType = sourcecode.c.h; path = DatePickerViewController.h; sourceTree = "<group>"; };
		188DAFA51AA4E7F200BE1C67 /* DatePickerViewController.m */ = {isa = PBXFileReference; fileEncoding = 4; lastKnownFileType = sourcecode.c.objc; path = DatePickerViewController.m; sourceTree = "<group>"; };
/* End PBXFileReference section */

/* Begin PBXFrameworksBuildPhase section */
		188DAF781AA4CC4200BE1C67 /* Frameworks */ = {
			isa = PBXFrameworksBuildPhase;
			buildActionMask = 2147483647;
			files = (
			);
			runOnlyForDeploymentPostprocessing = 0;
		};
		188DAF911AA4CC4300BE1C67 /* Frameworks */ = {
			isa = PBXFrameworksBuildPhase;
			buildActionMask = 2147483647;
			files = (
			);
			runOnlyForDeploymentPostprocessing = 0;
		};
/* End PBXFrameworksBuildPhase section */

/* Begin PBXGroup section */
		188DAF721AA4CC4200BE1C67 = {
			isa = PBXGroup;
			children = (
				188DAF7D1AA4CC4200BE1C67 /* Age Calculator */,
				188DAF971AA4CC4300BE1C67 /* Age CalculatorTests */,
				188DAF7C1AA4CC4200BE1C67 /* Products */,
			);
			sourceTree = "<group>";
		};
		188DAF7C1AA4CC4200BE1C67 /* Products */ = {
			isa = PBXGroup;
			children = (
				188DAF7B1AA4CC4200BE1C67 /* Age Calculator.app */,
				188DAF941AA4CC4300BE1C67 /* Age CalculatorTests.xctest */,
			);
			name = Products;
			sourceTree = "<group>";
		};
		188DAF7D1AA4CC4200BE1C67 /* Age Calculator */ = {
			isa = PBXGroup;
			children = (
				188DAF821AA4CC4200BE1C67 /* AppDelegate.h */,
				188DAF831AA4CC4200BE1C67 /* AppDelegate.m */,
				188DAF851AA4CC4200BE1C67 /* ViewController.h */,
				188DAF861AA4CC4200BE1C67 /* ViewController.m */,
				188DAFA41AA4E7F200BE1C67 /* DatePickerViewController.h */,
				188DAFA51AA4E7F200BE1C67 /* DatePickerViewController.m */,
				188DAF881AA4CC4200BE1C67 /* Main.storyboard */,
				188DAF8B1AA4CC4200BE1C67 /* Images.xcassets */,
				188DAF8D1AA4CC4200BE1C67 /* LaunchScreen.xib */,
				188DAF7E1AA4CC4200BE1C67 /* Supporting Files */,
			);
			path = "Age Calculator";
			sourceTree = "<group>";
		};
		188DAF7E1AA4CC4200BE1C67 /* Supporting Files */ = {
			isa = PBXGroup;
			children = (
				188DAF7F1AA4CC4200BE1C67 /* Info.plist */,
				188DAF801AA4CC4200BE1C67 /* main.m */,
			);
			name = "Supporting Files";
			sourceTree = "<group>";
		};
		188DAF971AA4CC4300BE1C67 /* Age CalculatorTests */ = {
			isa = PBXGroup;
			children = (
				188DAF9A1AA4CC4300BE1C67 /* Age_CalculatorTests.m */,
				188DAF981AA4CC4300BE1C67 /* Supporting Files */,
			);
			path = "Age CalculatorTests";
			sourceTree = "<group>";
		};
		188DAF981AA4CC4300BE1C67 /* Supporting Files */ = {
			isa = PBXGroup;
			children = (
				188DAF991AA4CC4300BE1C67 /* Info.plist */,
			);
			name = "Supporting Files";
			sourceTree = "<group>";
		};
/* End PBXGroup section */

/* Begin PBXNativeTarget section */
		188DAF7A1AA4CC4200BE1C67 /* Age Calculator */ = {
			isa = PBXNativeTarget;
			buildConfigurationList = 188DAF9E1AA4CC4300BE1C67 /* Build configuration list for PBXNativeTarget "Age Calculator" */;
			buildPhases = (
				188DAF771AA4CC4200BE1C67 /* Sources */,
				188DAF781AA4CC4200BE1C67 /* Frameworks */,
				188DAF791AA4CC4200BE1C67 /* Resources */,
			);
			buildRules = (
			);
			dependencies = (
			);
			name = "Age Calculator";
			productName = "Age Calculator";
			productReference = 188DAF7B1AA4CC4200BE1C67 /* Age Calculator.app */;
			productType = "com.apple.product-type.application";
		};
		188DAF931AA4CC4300BE1C67 /* Age CalculatorTests */ = {
			isa = PBXNativeTarget;
			buildConfigurationList = 188DAFA11AA4CC4300BE1C67 /* Build configuration list for PBXNativeTarget "Age CalculatorTests" */;
			buildPhases = (
				188DAF901AA4CC4300BE1C67 /* Sources */,
				188DAF911AA4CC4300BE1C67 /* Frameworks */,
				188DAF921AA4CC4300BE1C67 /* Resources */,
			);
			buildRules = (
			);
			dependencies = (
				188DAF961AA4CC4300BE1C67 /* PBXTargetDependency */,
			);
			name = "Age CalculatorTests";
			productName = "Age CalculatorTests";
			productReference = 188DAF941AA4CC4300BE1C67 /* Age CalculatorTests.xctest */;
			productType = "com.apple.product-type.bundle.unit-test";
		};
/* End PBXNativeTarget section */

/* Begin PBXProject section */
		188DAF731AA4CC4200BE1C67 /* Project object */ = {
			isa = PBXProject;
			attributes = {
				LastUpgradeCheck = 0610;
				ORGANIZATIONNAME = "The Iron Yard";
				TargetAttributes = {
					188DAF7A1AA4CC4200BE1C67 = {
						CreatedOnToolsVersion = 6.1.1;
					};
					188DAF931AA4CC4300BE1C67 = {
						CreatedOnToolsVersion = 6.1.1;
						TestTargetID = 188DAF7A1AA4CC4200BE1C67;
					};
				};
			};
			buildConfigurationList = 188DAF761AA4CC4200BE1C67 /* Build configuration list for PBXProject "Age Calculator" */;
			compatibilityVersion = "Xcode 3.2";
			developmentRegion = English;
			hasScannedForEncodings = 0;
			knownRegions = (
				en,
				Base,
			);
			mainGroup = 188DAF721AA4CC4200BE1C67;
			productRefGroup = 188DAF7C1AA4CC4200BE1C67 /* Products */;
			projectDirPath = "";
			projectRoot = "";
			targets = (
				188DAF7A1AA4CC4200BE1C67 /* Age Calculator */,
				188DAF931AA4CC4300BE1C67 /* Age CalculatorTests */,
			);
		};
/* End PBXProject section */

/* Begin PBXResourcesBuildPhase section */
		188DAF791AA4CC4200BE1C67 /* Resources */ = {
			isa = PBXResourcesBuildPhase;
			buildActionMask = 2147483647;
			files = (
				188DAF8A1AA4CC4200BE1C67 /* Main.storyboard in Resources */,
				188DAF8F1AA4CC4200BE1C67 /* LaunchScreen.xib in Resources */,
				188DAF8C1AA4CC4200BE1C67 /* Images.xcassets in Resources */,
			);
			runOnlyForDeploymentPostprocessing = 0;
		};
		188DAF921AA4CC4300BE1C67 /* Resources */ = {
			isa = PBXResourcesBuildPhase;
			buildActionMask = 2147483647;
			files = (
			);
			runOnlyForDeploymentPostprocessing = 0;
		};
/* End PBXResourcesBuildPhase section */

/* Begin PBXSourcesBuildPhase section */
		188DAF771AA4CC4200BE1C67 /* Sources */ = {
			isa = PBXSourcesBuildPhase;
			buildActionMask = 2147483647;
			files = (
				188DAFA61AA4E7F200BE1C67 /* DatePickerViewController.m in Sources */,
				188DAF871AA4CC4200BE1C67 /* ViewController.m in Sources */,
				188DAF841AA4CC4200BE1C67 /* AppDelegate.m in Sources */,
				188DAF811AA4CC4200BE1C67 /* main.m in Sources */,
			);
			runOnlyForDeploymentPostprocessing = 0;
		};
		188DAF901AA4CC4300BE1C67 /* Sources */ = {
			isa = PBXSourcesBuildPhase;
			buildActionMask = 2147483647;
			files = (
				188DAF9B1AA4CC4300BE1C67 /* Age_CalculatorTests.m in Sources */,
			);
			runOnlyForDeploymentPostprocessing = 0;
		};
/* End PBXSourcesBuildPhase section */

/* Begin PBXTargetDependency section */
		188DAF961AA4CC4300BE1C67 /* PBXTargetDependency */ = {
			isa = PBXTargetDependency;
			target = 188DAF7A1AA4CC4200BE1C67 /* Age Calculator */;
			targetProxy = 188DAF951AA4CC4300BE1C67 /* PBXContainerItemProxy */;
		};
/* End PBXTargetDependency section */

/* Begin PBXVariantGroup section */
		188DAF881AA4CC4200BE1C67 /* Main.storyboard */ = {
			isa = PBXVariantGroup;
			children = (
				188DAF891AA4CC4200BE1C67 /* Base */,
			);
			name = Main.storyboard;
			sourceTree = "<group>";
		};
		188DAF8D1AA4CC4200BE1C67 /* LaunchScreen.xib */ = {
			isa = PBXVariantGroup;
			children = (
				188DAF8E1AA4CC4200BE1C67 /* Base */,
			);
			name = LaunchScreen.xib;
			sourceTree = "<group>";
		};
/* End PBXVariantGroup section */

/* Begin XCBuildConfiguration section */
		188DAF9C1AA4CC4300BE1C67 /* Debug */ = {
			isa = XCBuildConfiguration;
			buildSettings = {
				ALWAYS_SEARCH_USER_PATHS = NO;
				CLANG_CXX_LANGUAGE_STANDARD = "gnu++0x";
				CLANG_CXX_LIBRARY = "libc++";
				CLANG_ENABLE_MODULES = YES;
				CLANG_ENABLE_OBJC_ARC = YES;
				CLANG_WARN_BOOL_CONVERSION = YES;
				CLANG_WARN_CONSTANT_CONVERSION = YES;
				CLANG_WARN_DIRECT_OBJC_ISA_USAGE = YES_ERROR;
				CLANG_WARN_EMPTY_BODY = YES;
				CLANG_WARN_ENUM_CONVERSION = YES;
				CLANG_WARN_INT_CONVERSION = YES;
				CLANG_WARN_OBJC_ROOT_CLASS = YES_ERROR;
				CLANG_WARN_UNREACHABLE_CODE = YES;
				CLANG_WARN__DUPLICATE_METHOD_MATCH = YES;
				"CODE_SIGN_IDENTITY[sdk=iphoneos*]" = "iPhone Developer";
				COPY_PHASE_STRIP = NO;
				ENABLE_STRICT_OBJC_MSGSEND = YES;
				GCC_C_LANGUAGE_STANDARD = gnu99;
				GCC_DYNAMIC_NO_PIC = NO;
				GCC_OPTIMIZATION_LEVEL = 0;
				GCC_PREPROCESSOR_DEFINITIONS = (
					"DEBUG=1",
					"$(inherited)",
				);
				GCC_SYMBOLS_PRIVATE_EXTERN = NO;
				GCC_WARN_64_TO_32_BIT_CONVERSION = YES;
				GCC_WARN_ABOUT_RETURN_TYPE = YES_ERROR;
				GCC_WARN_UNDECLARED_SELECTOR = YES;
				GCC_WARN_UNINITIALIZED_AUTOS = YES_AGGRESSIVE;
				GCC_WARN_UNUSED_FUNCTION = YES;
				GCC_WARN_UNUSED_VARIABLE = YES;
				IPHONEOS_DEPLOYMENT_TARGET = 8.1;
				MTL_ENABLE_DEBUG_INFO = YES;
				ONLY_ACTIVE_ARCH = YES;
				SDKROOT = iphoneos;
			};
			name = Debug;
		};
		188DAF9D1AA4CC4300BE1C67 /* Release */ = {
			isa = XCBuildConfiguration;
			buildSettings = {
				ALWAYS_SEARCH_USER_PATHS = NO;
				CLANG_CXX_LANGUAGE_STANDARD = "gnu++0x";
				CLANG_CXX_LIBRARY = "libc++";
				CLANG_ENABLE_MODULES = YES;
				CLANG_ENABLE_OBJC_ARC = YES;
				CLANG_WARN_BOOL_CONVERSION = YES;
				CLANG_WARN_CONSTANT_CONVERSION = YES;
				CLANG_WARN_DIRECT_OBJC_ISA_USAGE = YES_ERROR;
				CLANG_WARN_EMPTY_BODY = YES;
				CLANG_WARN_ENUM_CONVERSION = YES;
				CLANG_WARN_INT_CONVERSION = YES;
				CLANG_WARN_OBJC_ROOT_CLASS = YES_ERROR;
				CLANG_WARN_UNREACHABLE_CODE = YES;
				CLANG_WARN__DUPLICATE_METHOD_MATCH = YES;
				"CODE_SIGN_IDENTITY[sdk=iphoneos*]" = "iPhone Developer";
				COPY_PHASE_STRIP = YES;
				ENABLE_NS_ASSERTIONS = NO;
				ENABLE_STRICT_OBJC_MSGSEND = YES;
				GCC_C_LANGUAGE_STANDARD = gnu99;
				GCC_WARN_64_TO_32_BIT_CONVERSION = YES;
				GCC_WARN_ABOUT_RETURN_TYPE = YES_ERROR;
				GCC_WARN_UNDECLARED_SELECTOR = YES;
				GCC_WARN_UNINITIALIZED_AUTOS = YES_AGGRESSIVE;
				GCC_WARN_UNUSED_FUNCTION = YES;
				GCC_WARN_UNUSED_VARIABLE = YES;
				IPHONEOS_DEPLOYMENT_TARGET = 8.1;
				MTL_ENABLE_DEBUG_INFO = NO;
				SDKROOT = iphoneos;
				VALIDATE_PRODUCT = YES;
			};
			name = Release;
		};
		188DAF9F1AA4CC4300BE1C67 /* Debug */ = {
			isa = XCBuildConfiguration;
			buildSettings = {
				ASSETCATALOG_COMPILER_APPICON_NAME = AppIcon;
				INFOPLIST_FILE = "Age Calculator/Info.plist";
				LD_RUNPATH_SEARCH_PATHS = "$(inherited) @executable_path/Frameworks";
				PRODUCT_NAME = "$(TARGET_NAME)";
			};
			name = Debug;
		};
		188DAFA01AA4CC4300BE1C67 /* Release */ = {
			isa = XCBuildConfiguration;
			buildSettings = {
				ASSETCATALOG_COMPILER_APPICON_NAME = AppIcon;
				INFOPLIST_FILE = "Age Calculator/Info.plist";
				LD_RUNPATH_SEARCH_PATHS = "$(inherited) @executable_path/Frameworks";
				PRODUCT_NAME = "$(TARGET_NAME)";
			};
			name = Release;
		};
		188DAFA21AA4CC4300BE1C67 /* Debug */ = {
			isa = XCBuildConfiguration;
			buildSettings = {
				BUNDLE_LOADER = "$(TEST_HOST)";
				FRAMEWORK_SEARCH_PATHS = (
					"$(SDKROOT)/Developer/Library/Frameworks",
					"$(inherited)",
				);
				GCC_PREPROCESSOR_DEFINITIONS = (
					"DEBUG=1",
					"$(inherited)",
				);
				INFOPLIST_FILE = "Age CalculatorTests/Info.plist";
				LD_RUNPATH_SEARCH_PATHS = "$(inherited) @executable_path/Frameworks @loader_path/Frameworks";
				PRODUCT_NAME = "$(TARGET_NAME)";
				TEST_HOST = "$(BUILT_PRODUCTS_DIR)/Age Calculator.app/Age Calculator";
			};
			name = Debug;
		};
		188DAFA31AA4CC4300BE1C67 /* Release */ = {
			isa = XCBuildConfiguration;
			buildSettings = {
				BUNDLE_LOADER = "$(TEST_HOST)";
				FRAMEWORK_SEARCH_PATHS = (
					"$(SDKROOT)/Developer/Library/Frameworks",
					"$(inherited)",
				);
				INFOPLIST_FILE = "Age CalculatorTests/Info.plist";
				LD_RUNPATH_SEARCH_PATHS = "$(inherited) @executable_path/Frameworks @loader_path/Frameworks";
				PRODUCT_NAME = "$(TARGET_NAME)";
				TEST_HOST = "$(BUILT_PRODUCTS_DIR)/Age Calculator.app/Age Calculator";
			};
			name = Release;
		};
/* End XCBuildConfiguration section */

/* Begin XCConfigurationList section */
		188DAF761AA4CC4200BE1C67 /* Build configuration list for PBXProject "Age Calculator" */ = {
			isa = XCConfigurationList;
			buildConfigurations = (
				188DAF9C1AA4CC4300BE1C67 /* Debug */,
				188DAF9D1AA4CC4300BE1C67 /* Release */,
			);
			defaultConfigurationIsVisible = 0;
			defaultConfigurationName = Release;
		};
		188DAF9E1AA4CC4300BE1C67 /* Build configuration list for PBXNativeTarget "Age Calculator" */ = {
			isa = XCConfigurationList;
			buildConfigurations = (
				188DAF9F1AA4CC4300BE1C67 /* Debug */,
				188DAFA01AA4CC4300BE1C67 /* Release */,
			);
			defaultConfigurationIsVisible = 0;
		};
		188DAFA11AA4CC4300BE1C67 /* Build configuration list for PBXNativeTarget "Age CalculatorTests" */ = {
			isa = XCConfigurationList;
			buildConfigurations = (
				188DAFA21AA4CC4300BE1C67 /* Debug */,
				188DAFA31AA4CC4300BE1C67 /* Release */,
			);
			defaultConfigurationIsVisible = 0;
		};
/* End XCConfigurationList section */
	};
	rootObject = 188DAF731AA4CC4200BE1C67 /* Project object */;
}
