// !$*UTF8*$!
{
	archiveVersion = 1;
	classes = {
	};
	objectVersion = 46;
	objects = {

/* Begin PBXBuildFile section */
		18E7CEFE1AB9B62200B4D7A3 /* main.m in Sources */ = {isa = PBXBuildFile; fileRef = 18E7CEFD1AB9B62200B4D7A3 /* main.m */; };
		18E7CF011AB9B62200B4D7A3 /* AppDelegate.m in Sources */ = {isa = PBXBuildFile; fileRef = 18E7CF001AB9B62200B4D7A3 /* AppDelegate.m */; };
		18E7CF091AB9B62200B4D7A3 /* Images.xcassets in Resources */ = {isa = PBXBuildFile; fileRef = 18E7CF081AB9B62200B4D7A3 /* Images.xcassets */; };
		18E7CF0C1AB9B62200B4D7A3 /* LaunchScreen.xib in Resources */ = {isa = PBXBuildFile; fileRef = 18E7CF0A1AB9B62200B4D7A3 /* LaunchScreen.xib */; };
		18E7CF181AB9B62200B4D7A3 /* GithubFriendsTests.m in Sources */ = {isa = PBXBuildFile; fileRef = 18E7CF171AB9B62200B4D7A3 /* GithubFriendsTests.m */; };
		18E7CF231AB9BABC00B4D7A3 /* FriendsTableViewController.m in Sources */ = {isa = PBXBuildFile; fileRef = 18E7CF221AB9BABC00B4D7A3 /* FriendsTableViewController.m */; };
		18E7CF261AB9C03000B4D7A3 /* FriendCell.m in Sources */ = {isa = PBXBuildFile; fileRef = 18E7CF251AB9C03000B4D7A3 /* FriendCell.m */; };
		18E7CF291AB9C40800B4D7A3 /* NewFriendViewController.m in Sources */ = {isa = PBXBuildFile; fileRef = 18E7CF281AB9C40800B4D7A3 /* NewFriendViewController.m */; };
		18E7CF2C1ABA009800B4D7A3 /* FriendDetailViewController.m in Sources */ = {isa = PBXBuildFile; fileRef = 18E7CF2B1ABA009800B4D7A3 /* FriendDetailViewController.m */; };
/* End PBXBuildFile section */

/* Begin PBXContainerItemProxy section */
		18E7CF121AB9B62200B4D7A3 /* PBXContainerItemProxy */ = {
			isa = PBXContainerItemProxy;
			containerPortal = 18E7CEF01AB9B62200B4D7A3 /* Project object */;
			proxyType = 1;
			remoteGlobalIDString = 18E7CEF71AB9B62200B4D7A3;
			remoteInfo = GithubFriends;
		};
/* End PBXContainerItemProxy section */

/* Begin PBXFileReference section */
		18E7CEF81AB9B62200B4D7A3 /* GithubFriends.app */ = {isa = PBXFileReference; explicitFileType = wrapper.application; includeInIndex = 0; path = GithubFriends.app; sourceTree = BUILT_PRODUCTS_DIR; };
		18E7CEFC1AB9B62200B4D7A3 /* Info.plist */ = {isa = PBXFileReference; lastKnownFileType = text.plist.xml; path = Info.plist; sourceTree = "<group>"; };
		18E7CEFD1AB9B62200B4D7A3 /* main.m */ = {isa = PBXFileReference; lastKnownFileType = sourcecode.c.objc; path = main.m; sourceTree = "<group>"; };
		18E7CEFF1AB9B62200B4D7A3 /* AppDelegate.h */ = {isa = PBXFileReference; lastKnownFileType = sourcecode.c.h; path = AppDelegate.h; sourceTree = "<group>"; };
		18E7CF001AB9B62200B4D7A3 /* AppDelegate.m */ = {isa = PBXFileReference; lastKnownFileType = sourcecode.c.objc; path = AppDelegate.m; sourceTree = "<group>"; };
		18E7CF081AB9B62200B4D7A3 /* Images.xcassets */ = {isa = PBXFileReference; lastKnownFileType = folder.assetcatalog; path = Images.xcassets; sourceTree = "<group>"; };
		18E7CF0B1AB9B62200B4D7A3 /* Base */ = {isa = PBXFileReference; lastKnownFileType = file.xib; name = Base; path = Base.lproj/LaunchScreen.xib; sourceTree = "<group>"; };
		18E7CF111AB9B62200B4D7A3 /* GithubFriendsTests.xctest */ = {isa = PBXFileReference; explicitFileType = wrapper.cfbundle; includeInIndex = 0; path = GithubFriendsTests.xctest; sourceTree = BUILT_PRODUCTS_DIR; };
		18E7CF161AB9B62200B4D7A3 /* Info.plist */ = {isa = PBXFileReference; lastKnownFileType = text.plist.xml; path = Info.plist; sourceTree = "<group>"; };
		18E7CF171AB9B62200B4D7A3 /* GithubFriendsTests.m */ = {isa = PBXFileReference; lastKnownFileType = sourcecode.c.objc; path = GithubFriendsTests.m; sourceTree = "<group>"; };
		18E7CF211AB9BABC00B4D7A3 /* FriendsTableViewController.h */ = {isa = PBXFileReference; fileEncoding = 4; lastKnownFileType = sourcecode.c.h; path = FriendsTableViewController.h; sourceTree = "<group>"; };
		18E7CF221AB9BABC00B4D7A3 /* FriendsTableViewController.m */ = {isa = PBXFileReference; fileEncoding = 4; lastKnownFileType = sourcecode.c.objc; path = FriendsTableViewController.m; sourceTree = "<group>"; };
		18E7CF241AB9C03000B4D7A3 /* FriendCell.h */ = {isa = PBXFileReference; fileEncoding = 4; lastKnownFileType = sourcecode.c.h; path = FriendCell.h; sourceTree = "<group>"; };
		18E7CF251AB9C03000B4D7A3 /* FriendCell.m */ = {isa = PBXFileReference; fileEncoding = 4; lastKnownFileType = sourcecode.c.objc; path = FriendCell.m; sourceTree = "<group>"; };
		18E7CF271AB9C40800B4D7A3 /* NewFriendViewController.h */ = {isa = PBXFileReference; fileEncoding = 4; lastKnownFileType = sourcecode.c.h; path = NewFriendViewController.h; sourceTree = "<group>"; };
		18E7CF281AB9C40800B4D7A3 /* NewFriendViewController.m */ = {isa = PBXFileReference; fileEncoding = 4; lastKnownFileType = sourcecode.c.objc; path = NewFriendViewController.m; sourceTree = "<group>"; };
		18E7CF2A1ABA009800B4D7A3 /* FriendDetailViewController.h */ = {isa = PBXFileReference; fileEncoding = 4; lastKnownFileType = sourcecode.c.h; path = FriendDetailViewController.h; sourceTree = "<group>"; };
		18E7CF2B1ABA009800B4D7A3 /* FriendDetailViewController.m */ = {isa = PBXFileReference; fileEncoding = 4; lastKnownFileType = sourcecode.c.objc; path = FriendDetailViewController.m; sourceTree = "<group>"; };
/* End PBXFileReference section */

/* Begin PBXFrameworksBuildPhase section */
		18E7CEF51AB9B62200B4D7A3 /* Frameworks */ = {
			isa = PBXFrameworksBuildPhase;
			buildActionMask = 2147483647;
			files = (
			);
			runOnlyForDeploymentPostprocessing = 0;
		};
		18E7CF0E1AB9B62200B4D7A3 /* Frameworks */ = {
			isa = PBXFrameworksBuildPhase;
			buildActionMask = 2147483647;
			files = (
			);
			runOnlyForDeploymentPostprocessing = 0;
		};
/* End PBXFrameworksBuildPhase section */

/* Begin PBXGroup section */
		18E7CEEF1AB9B62200B4D7A3 = {
			isa = PBXGroup;
			children = (
				18E7CEFA1AB9B62200B4D7A3 /* GithubFriends */,
				18E7CF141AB9B62200B4D7A3 /* GithubFriendsTests */,
				18E7CEF91AB9B62200B4D7A3 /* Products */,
			);
			sourceTree = "<group>";
		};
		18E7CEF91AB9B62200B4D7A3 /* Products */ = {
			isa = PBXGroup;
			children = (
				18E7CEF81AB9B62200B4D7A3 /* GithubFriends.app */,
				18E7CF111AB9B62200B4D7A3 /* GithubFriendsTests.xctest */,
			);
			name = Products;
			sourceTree = "<group>";
		};
		18E7CEFA1AB9B62200B4D7A3 /* GithubFriends */ = {
			isa = PBXGroup;
			children = (
				18E7CEFF1AB9B62200B4D7A3 /* AppDelegate.h */,
				18E7CF001AB9B62200B4D7A3 /* AppDelegate.m */,
				18E7CF2D1ABA031D00B4D7A3 /* ViewControllers */,
				18E7CF241AB9C03000B4D7A3 /* FriendCell.h */,
				18E7CF251AB9C03000B4D7A3 /* FriendCell.m */,
				18E7CF081AB9B62200B4D7A3 /* Images.xcassets */,
				18E7CF0A1AB9B62200B4D7A3 /* LaunchScreen.xib */,
				18E7CEFB1AB9B62200B4D7A3 /* Supporting Files */,
			);
			path = GithubFriends;
			sourceTree = "<group>";
		};
		18E7CEFB1AB9B62200B4D7A3 /* Supporting Files */ = {
			isa = PBXGroup;
			children = (
				18E7CEFC1AB9B62200B4D7A3 /* Info.plist */,
				18E7CEFD1AB9B62200B4D7A3 /* main.m */,
			);
			name = "Supporting Files";
			sourceTree = "<group>";
		};
		18E7CF141AB9B62200B4D7A3 /* GithubFriendsTests */ = {
			isa = PBXGroup;
			children = (
				18E7CF171AB9B62200B4D7A3 /* GithubFriendsTests.m */,
				18E7CF151AB9B62200B4D7A3 /* Supporting Files */,
			);
			path = GithubFriendsTests;
			sourceTree = "<group>";
		};
		18E7CF151AB9B62200B4D7A3 /* Supporting Files */ = {
			isa = PBXGroup;
			children = (
				18E7CF161AB9B62200B4D7A3 /* Info.plist */,
			);
			name = "Supporting Files";
			sourceTree = "<group>";
		};
		18E7CF2D1ABA031D00B4D7A3 /* ViewControllers */ = {
			isa = PBXGroup;
			children = (
				18E7CF211AB9BABC00B4D7A3 /* FriendsTableViewController.h */,
				18E7CF221AB9BABC00B4D7A3 /* FriendsTableViewController.m */,
				18E7CF271AB9C40800B4D7A3 /* NewFriendViewController.h */,
				18E7CF281AB9C40800B4D7A3 /* NewFriendViewController.m */,
				18E7CF2A1ABA009800B4D7A3 /* FriendDetailViewController.h */,
				18E7CF2B1ABA009800B4D7A3 /* FriendDetailViewController.m */,
			);
			name = ViewControllers;
			sourceTree = "<group>";
		};
/* End PBXGroup section */

/* Begin PBXNativeTarget section */
		18E7CEF71AB9B62200B4D7A3 /* GithubFriends */ = {
			isa = PBXNativeTarget;
			buildConfigurationList = 18E7CF1B1AB9B62200B4D7A3 /* Build configuration list for PBXNativeTarget "GithubFriends" */;
			buildPhases = (
				18E7CEF41AB9B62200B4D7A3 /* Sources */,
				18E7CEF51AB9B62200B4D7A3 /* Frameworks */,
				18E7CEF61AB9B62200B4D7A3 /* Resources */,
			);
			buildRules = (
			);
			dependencies = (
			);
			name = GithubFriends;
			productName = GithubFriends;
			productReference = 18E7CEF81AB9B62200B4D7A3 /* GithubFriends.app */;
			productType = "com.apple.product-type.application";
		};
		18E7CF101AB9B62200B4D7A3 /* GithubFriendsTests */ = {
			isa = PBXNativeTarget;
			buildConfigurationList = 18E7CF1E1AB9B62200B4D7A3 /* Build configuration list for PBXNativeTarget "GithubFriendsTests" */;
			buildPhases = (
				18E7CF0D1AB9B62200B4D7A3 /* Sources */,
				18E7CF0E1AB9B62200B4D7A3 /* Frameworks */,
				18E7CF0F1AB9B62200B4D7A3 /* Resources */,
			);
			buildRules = (
			);
			dependencies = (
				18E7CF131AB9B62200B4D7A3 /* PBXTargetDependency */,
			);
			name = GithubFriendsTests;
			productName = GithubFriendsTests;
			productReference = 18E7CF111AB9B62200B4D7A3 /* GithubFriendsTests.xctest */;
			productType = "com.apple.product-type.bundle.unit-test";
		};
/* End PBXNativeTarget section */

/* Begin PBXProject section */
		18E7CEF01AB9B62200B4D7A3 /* Project object */ = {
			isa = PBXProject;
			attributes = {
				LastUpgradeCheck = 0610;
				ORGANIZATIONNAME = "The Iron Yard";
				TargetAttributes = {
					18E7CEF71AB9B62200B4D7A3 = {
						CreatedOnToolsVersion = 6.1.1;
					};
					18E7CF101AB9B62200B4D7A3 = {
						CreatedOnToolsVersion = 6.1.1;
						TestTargetID = 18E7CEF71AB9B62200B4D7A3;
					};
				};
			};
			buildConfigurationList = 18E7CEF31AB9B62200B4D7A3 /* Build configuration list for PBXProject "GithubFriends" */;
			compatibilityVersion = "Xcode 3.2";
			developmentRegion = English;
			hasScannedForEncodings = 0;
			knownRegions = (
				en,
				Base,
			);
			mainGroup = 18E7CEEF1AB9B62200B4D7A3;
			productRefGroup = 18E7CEF91AB9B62200B4D7A3 /* Products */;
			projectDirPath = "";
			projectRoot = "";
			targets = (
				18E7CEF71AB9B62200B4D7A3 /* GithubFriends */,
				18E7CF101AB9B62200B4D7A3 /* GithubFriendsTests */,
			);
		};
/* End PBXProject section */

/* Begin PBXResourcesBuildPhase section */
		18E7CEF61AB9B62200B4D7A3 /* Resources */ = {
			isa = PBXResourcesBuildPhase;
			buildActionMask = 2147483647;
			files = (
				18E7CF0C1AB9B62200B4D7A3 /* LaunchScreen.xib in Resources */,
				18E7CF091AB9B62200B4D7A3 /* Images.xcassets in Resources */,
			);
			runOnlyForDeploymentPostprocessing = 0;
		};
		18E7CF0F1AB9B62200B4D7A3 /* Resources */ = {
			isa = PBXResourcesBuildPhase;
			buildActionMask = 2147483647;
			files = (
			);
			runOnlyForDeploymentPostprocessing = 0;
		};
/* End PBXResourcesBuildPhase section */

/* Begin PBXSourcesBuildPhase section */
		18E7CEF41AB9B62200B4D7A3 /* Sources */ = {
			isa = PBXSourcesBuildPhase;
			buildActionMask = 2147483647;
			files = (
				18E7CF291AB9C40800B4D7A3 /* NewFriendViewController.m in Sources */,
				18E7CF2C1ABA009800B4D7A3 /* FriendDetailViewController.m in Sources */,
				18E7CF231AB9BABC00B4D7A3 /* FriendsTableViewController.m in Sources */,
				18E7CF011AB9B62200B4D7A3 /* AppDelegate.m in Sources */,
				18E7CEFE1AB9B62200B4D7A3 /* main.m in Sources */,
				18E7CF261AB9C03000B4D7A3 /* FriendCell.m in Sources */,
			);
			runOnlyForDeploymentPostprocessing = 0;
		};
		18E7CF0D1AB9B62200B4D7A3 /* Sources */ = {
			isa = PBXSourcesBuildPhase;
			buildActionMask = 2147483647;
			files = (
				18E7CF181AB9B62200B4D7A3 /* GithubFriendsTests.m in Sources */,
			);
			runOnlyForDeploymentPostprocessing = 0;
		};
/* End PBXSourcesBuildPhase section */

/* Begin PBXTargetDependency section */
		18E7CF131AB9B62200B4D7A3 /* PBXTargetDependency */ = {
			isa = PBXTargetDependency;
			target = 18E7CEF71AB9B62200B4D7A3 /* GithubFriends */;
			targetProxy = 18E7CF121AB9B62200B4D7A3 /* PBXContainerItemProxy */;
		};
/* End PBXTargetDependency section */

/* Begin PBXVariantGroup section */
		18E7CF0A1AB9B62200B4D7A3 /* LaunchScreen.xib */ = {
			isa = PBXVariantGroup;
			children = (
				18E7CF0B1AB9B62200B4D7A3 /* Base */,
			);
			name = LaunchScreen.xib;
			sourceTree = "<group>";
		};
/* End PBXVariantGroup section */

/* Begin XCBuildConfiguration section */
		18E7CF191AB9B62200B4D7A3 /* Debug */ = {
			isa = XCBuildConfiguration;
			buildSettings = {
				ALWAYS_SEARCH_USER_PATHS = NO;
				CLANG_CXX_LANGUAGE_STANDARD = "gnu++0x";
				CLANG_CXX_LIBRARY = "libc++";
				CLANG_ENABLE_MODULES = YES;
				CLANG_ENABLE_OBJC_ARC = YES;
				CLANG_WARN_BOOL_CONVERSION = YES;
				CLANG_WARN_CONSTANT_CONVERSION = YES;
				CLANG_WARN_DIRECT_OBJC_ISA_USAGE = YES_ERROR;
				CLANG_WARN_EMPTY_BODY = YES;
				CLANG_WARN_ENUM_CONVERSION = YES;
				CLANG_WARN_INT_CONVERSION = YES;
				CLANG_WARN_OBJC_ROOT_CLASS = YES_ERROR;
				CLANG_WARN_UNREACHABLE_CODE = YES;
				CLANG_WARN__DUPLICATE_METHOD_MATCH = YES;
				"CODE_SIGN_IDENTITY[sdk=iphoneos*]" = "iPhone Developer";
				COPY_PHASE_STRIP = NO;
				ENABLE_STRICT_OBJC_MSGSEND = YES;
				GCC_C_LANGUAGE_STANDARD = gnu99;
				GCC_DYNAMIC_NO_PIC = NO;
				GCC_OPTIMIZATION_LEVEL = 0;
				GCC_PREPROCESSOR_DEFINITIONS = (
					"DEBUG=1",
					"$(inherited)",
				);
				GCC_SYMBOLS_PRIVATE_EXTERN = NO;
				GCC_WARN_64_TO_32_BIT_CONVERSION = YES;
				GCC_WARN_ABOUT_RETURN_TYPE = YES_ERROR;
				GCC_WARN_UNDECLARED_SELECTOR = YES;
				GCC_WARN_UNINITIALIZED_AUTOS = YES_AGGRESSIVE;
				GCC_WARN_UNUSED_FUNCTION = YES;
				GCC_WARN_UNUSED_VARIABLE = YES;
				IPHONEOS_DEPLOYMENT_TARGET = 8.1;
				MTL_ENABLE_DEBUG_INFO = YES;
				ONLY_ACTIVE_ARCH = YES;
				SDKROOT = iphoneos;
			};
			name = Debug;
		};
		18E7CF1A1AB9B62200B4D7A3 /* Release */ = {
			isa = XCBuildConfiguration;
			buildSettings = {
				ALWAYS_SEARCH_USER_PATHS = NO;
				CLANG_CXX_LANGUAGE_STANDARD = "gnu++0x";
				CLANG_CXX_LIBRARY = "libc++";
				CLANG_ENABLE_MODULES = YES;
				CLANG_ENABLE_OBJC_ARC = YES;
				CLANG_WARN_BOOL_CONVERSION = YES;
				CLANG_WARN_CONSTANT_CONVERSION = YES;
				CLANG_WARN_DIRECT_OBJC_ISA_USAGE = YES_ERROR;
				CLANG_WARN_EMPTY_BODY = YES;
				CLANG_WARN_ENUM_CONVERSION = YES;
				CLANG_WARN_INT_CONVERSION = YES;
				CLANG_WARN_OBJC_ROOT_CLASS = YES_ERROR;
				CLANG_WARN_UNREACHABLE_CODE = YES;
				CLANG_WARN__DUPLICATE_METHOD_MATCH = YES;
				"CODE_SIGN_IDENTITY[sdk=iphoneos*]" = "iPhone Developer";
				COPY_PHASE_STRIP = YES;
				ENABLE_NS_ASSERTIONS = NO;
				ENABLE_STRICT_OBJC_MSGSEND = YES;
				GCC_C_LANGUAGE_STANDARD = gnu99;
				GCC_WARN_64_TO_32_BIT_CONVERSION = YES;
				GCC_WARN_ABOUT_RETURN_TYPE = YES_ERROR;
				GCC_WARN_UNDECLARED_SELECTOR = YES;
				GCC_WARN_UNINITIALIZED_AUTOS = YES_AGGRESSIVE;
				GCC_WARN_UNUSED_FUNCTION = YES;
				GCC_WARN_UNUSED_VARIABLE = YES;
				IPHONEOS_DEPLOYMENT_TARGET = 8.1;
				MTL_ENABLE_DEBUG_INFO = NO;
				SDKROOT = iphoneos;
				VALIDATE_PRODUCT = YES;
			};
			name = Release;
		};
		18E7CF1C1AB9B62200B4D7A3 /* Debug */ = {
			isa = XCBuildConfiguration;
			buildSettings = {
				ASSETCATALOG_COMPILER_APPICON_NAME = AppIcon;
				INFOPLIST_FILE = GithubFriends/Info.plist;
				LD_RUNPATH_SEARCH_PATHS = "$(inherited) @executable_path/Frameworks";
				PRODUCT_NAME = "$(TARGET_NAME)";
			};
			name = Debug;
		};
		18E7CF1D1AB9B62200B4D7A3 /* Release */ = {
			isa = XCBuildConfiguration;
			buildSettings = {
				ASSETCATALOG_COMPILER_APPICON_NAME = AppIcon;
				INFOPLIST_FILE = GithubFriends/Info.plist;
				LD_RUNPATH_SEARCH_PATHS = "$(inherited) @executable_path/Frameworks";
				PRODUCT_NAME = "$(TARGET_NAME)";
			};
			name = Release;
		};
		18E7CF1F1AB9B62200B4D7A3 /* Debug */ = {
			isa = XCBuildConfiguration;
			buildSettings = {
				BUNDLE_LOADER = "$(TEST_HOST)";
				FRAMEWORK_SEARCH_PATHS = (
					"$(SDKROOT)/Developer/Library/Frameworks",
					"$(inherited)",
				);
				GCC_PREPROCESSOR_DEFINITIONS = (
					"DEBUG=1",
					"$(inherited)",
				);
				INFOPLIST_FILE = GithubFriendsTests/Info.plist;
				LD_RUNPATH_SEARCH_PATHS = "$(inherited) @executable_path/Frameworks @loader_path/Frameworks";
				PRODUCT_NAME = "$(TARGET_NAME)";
				TEST_HOST = "$(BUILT_PRODUCTS_DIR)/GithubFriends.app/GithubFriends";
			};
			name = Debug;
		};
		18E7CF201AB9B62200B4D7A3 /* Release */ = {
			isa = XCBuildConfiguration;
			buildSettings = {
				BUNDLE_LOADER = "$(TEST_HOST)";
				FRAMEWORK_SEARCH_PATHS = (
					"$(SDKROOT)/Developer/Library/Frameworks",
					"$(inherited)",
				);
				INFOPLIST_FILE = GithubFriendsTests/Info.plist;
				LD_RUNPATH_SEARCH_PATHS = "$(inherited) @executable_path/Frameworks @loader_path/Frameworks";
				PRODUCT_NAME = "$(TARGET_NAME)";
				TEST_HOST = "$(BUILT_PRODUCTS_DIR)/GithubFriends.app/GithubFriends";
			};
			name = Release;
		};
/* End XCBuildConfiguration section */

/* Begin XCConfigurationList section */
		18E7CEF31AB9B62200B4D7A3 /* Build configuration list for PBXProject "GithubFriends" */ = {
			isa = XCConfigurationList;
			buildConfigurations = (
				18E7CF191AB9B62200B4D7A3 /* Debug */,
				18E7CF1A1AB9B62200B4D7A3 /* Release */,
			);
			defaultConfigurationIsVisible = 0;
			defaultConfigurationName = Release;
		};
		18E7CF1B1AB9B62200B4D7A3 /* Build configuration list for PBXNativeTarget "GithubFriends" */ = {
			isa = XCConfigurationList;
			buildConfigurations = (
				18E7CF1C1AB9B62200B4D7A3 /* Debug */,
				18E7CF1D1AB9B62200B4D7A3 /* Release */,
			);
			defaultConfigurationIsVisible = 0;
		};
		18E7CF1E1AB9B62200B4D7A3 /* Build configuration list for PBXNativeTarget "GithubFriendsTests" */ = {
			isa = XCConfigurationList;
			buildConfigurations = (
				18E7CF1F1AB9B62200B4D7A3 /* Debug */,
				18E7CF201AB9B62200B4D7A3 /* Release */,
			);
			defaultConfigurationIsVisible = 0;
		};
/* End XCConfigurationList section */
	};
	rootObject = 18E7CEF01AB9B62200B4D7A3 /* Project object */;
}
