// !$*UTF8*$!
{
	archiveVersion = 1;
	classes = {
	};
	objectVersion = 46;
	objects = {

/* Begin PBXBuildFile section */
		18DD34451AC449B700E9A24D /* main.m in Sources */ = {isa = PBXBuildFile; fileRef = 18DD34441AC449B700E9A24D /* main.m */; };
		18DD34481AC449B700E9A24D /* AppDelegate.m in Sources */ = {isa = PBXBuildFile; fileRef = 18DD34471AC449B700E9A24D /* AppDelegate.m */; };
		18DD344B1AC449B700E9A24D /* ViewController.m in Sources */ = {isa = PBXBuildFile; fileRef = 18DD344A1AC449B700E9A24D /* ViewController.m */; };
		18DD34501AC449B700E9A24D /* Images.xcassets in Resources */ = {isa = PBXBuildFile; fileRef = 18DD344F1AC449B700E9A24D /* Images.xcassets */; };
		18DD34531AC449B700E9A24D /* LaunchScreen.xib in Resources */ = {isa = PBXBuildFile; fileRef = 18DD34511AC449B700E9A24D /* LaunchScreen.xib */; };
		18DD345F1AC449B700E9A24D /* WhereIsMyCarTwoTests.m in Sources */ = {isa = PBXBuildFile; fileRef = 18DD345E1AC449B700E9A24D /* WhereIsMyCarTwoTests.m */; };
		18DD346B1AC44A1100E9A24D /* Main.storyboard in Resources */ = {isa = PBXBuildFile; fileRef = 18DD346A1AC44A1100E9A24D /* Main.storyboard */; };
/* End PBXBuildFile section */

/* Begin PBXContainerItemProxy section */
		18DD34591AC449B700E9A24D /* PBXContainerItemProxy */ = {
			isa = PBXContainerItemProxy;
			containerPortal = 18DD34371AC449B700E9A24D /* Project object */;
			proxyType = 1;
			remoteGlobalIDString = 18DD343E1AC449B700E9A24D;
			remoteInfo = WhereIsMyCarTwo;
		};
/* End PBXContainerItemProxy section */

/* Begin PBXFileReference section */
		18DD343F1AC449B700E9A24D /* WhereIsMyCarTwo.app */ = {isa = PBXFileReference; explicitFileType = wrapper.application; includeInIndex = 0; path = WhereIsMyCarTwo.app; sourceTree = BUILT_PRODUCTS_DIR; };
		18DD34431AC449B700E9A24D /* Info.plist */ = {isa = PBXFileReference; lastKnownFileType = text.plist.xml; path = Info.plist; sourceTree = "<group>"; };
		18DD34441AC449B700E9A24D /* main.m */ = {isa = PBXFileReference; lastKnownFileType = sourcecode.c.objc; path = main.m; sourceTree = "<group>"; };
		18DD34461AC449B700E9A24D /* AppDelegate.h */ = {isa = PBXFileReference; lastKnownFileType = sourcecode.c.h; path = AppDelegate.h; sourceTree = "<group>"; };
		18DD34471AC449B700E9A24D /* AppDelegate.m */ = {isa = PBXFileReference; lastKnownFileType = sourcecode.c.objc; path = AppDelegate.m; sourceTree = "<group>"; };
		18DD34491AC449B700E9A24D /* ViewController.h */ = {isa = PBXFileReference; lastKnownFileType = sourcecode.c.h; path = ViewController.h; sourceTree = "<group>"; };
		18DD344A1AC449B700E9A24D /* ViewController.m */ = {isa = PBXFileReference; lastKnownFileType = sourcecode.c.objc; path = ViewController.m; sourceTree = "<group>"; };
		18DD344F1AC449B700E9A24D /* Images.xcassets */ = {isa = PBXFileReference; lastKnownFileType = folder.assetcatalog; path = Images.xcassets; sourceTree = "<group>"; };
		18DD34521AC449B700E9A24D /* Base */ = {isa = PBXFileReference; lastKnownFileType = file.xib; name = Base; path = Base.lproj/LaunchScreen.xib; sourceTree = "<group>"; };
		18DD34581AC449B700E9A24D /* WhereIsMyCarTwoTests.xctest */ = {isa = PBXFileReference; explicitFileType = wrapper.cfbundle; includeInIndex = 0; path = WhereIsMyCarTwoTests.xctest; sourceTree = BUILT_PRODUCTS_DIR; };
		18DD345D1AC449B700E9A24D /* Info.plist */ = {isa = PBXFileReference; lastKnownFileType = text.plist.xml; path = Info.plist; sourceTree = "<group>"; };
		18DD345E1AC449B700E9A24D /* WhereIsMyCarTwoTests.m */ = {isa = PBXFileReference; lastKnownFileType = sourcecode.c.objc; path = WhereIsMyCarTwoTests.m; sourceTree = "<group>"; };
		18DD346A1AC44A1100E9A24D /* Main.storyboard */ = {isa = PBXFileReference; fileEncoding = 4; lastKnownFileType = file.storyboard; name = Main.storyboard; path = ../Main.storyboard; sourceTree = "<group>"; };
/* End PBXFileReference section */

/* Begin PBXFrameworksBuildPhase section */
		18DD343C1AC449B700E9A24D /* Frameworks */ = {
			isa = PBXFrameworksBuildPhase;
			buildActionMask = 2147483647;
			files = (
			);
			runOnlyForDeploymentPostprocessing = 0;
		};
		18DD34551AC449B700E9A24D /* Frameworks */ = {
			isa = PBXFrameworksBuildPhase;
			buildActionMask = 2147483647;
			files = (
			);
			runOnlyForDeploymentPostprocessing = 0;
		};
/* End PBXFrameworksBuildPhase section */

/* Begin PBXGroup section */
		18DD34361AC449B700E9A24D = {
			isa = PBXGroup;
			children = (
				18DD34411AC449B700E9A24D /* WhereIsMyCarTwo */,
				18DD345B1AC449B700E9A24D /* WhereIsMyCarTwoTests */,
				18DD34401AC449B700E9A24D /* Products */,
			);
			sourceTree = "<group>";
		};
		18DD34401AC449B700E9A24D /* Products */ = {
			isa = PBXGroup;
			children = (
				18DD343F1AC449B700E9A24D /* WhereIsMyCarTwo.app */,
				18DD34581AC449B700E9A24D /* WhereIsMyCarTwoTests.xctest */,
			);
			name = Products;
			sourceTree = "<group>";
		};
		18DD34411AC449B700E9A24D /* WhereIsMyCarTwo */ = {
			isa = PBXGroup;
			children = (
				18DD34461AC449B700E9A24D /* AppDelegate.h */,
				18DD34471AC449B700E9A24D /* AppDelegate.m */,
				18DD34491AC449B700E9A24D /* ViewController.h */,
				18DD344A1AC449B700E9A24D /* ViewController.m */,
				18DD344F1AC449B700E9A24D /* Images.xcassets */,
				18DD34511AC449B700E9A24D /* LaunchScreen.xib */,
				18DD346A1AC44A1100E9A24D /* Main.storyboard */,
				18DD34421AC449B700E9A24D /* Supporting Files */,
			);
			path = WhereIsMyCarTwo;
			sourceTree = "<group>";
		};
		18DD34421AC449B700E9A24D /* Supporting Files */ = {
			isa = PBXGroup;
			children = (
				18DD34431AC449B700E9A24D /* Info.plist */,
				18DD34441AC449B700E9A24D /* main.m */,
			);
			name = "Supporting Files";
			sourceTree = "<group>";
		};
		18DD345B1AC449B700E9A24D /* WhereIsMyCarTwoTests */ = {
			isa = PBXGroup;
			children = (
				18DD345E1AC449B700E9A24D /* WhereIsMyCarTwoTests.m */,
				18DD345C1AC449B700E9A24D /* Supporting Files */,
			);
			path = WhereIsMyCarTwoTests;
			sourceTree = "<group>";
		};
		18DD345C1AC449B700E9A24D /* Supporting Files */ = {
			isa = PBXGroup;
			children = (
				18DD345D1AC449B700E9A24D /* Info.plist */,
			);
			name = "Supporting Files";
			sourceTree = "<group>";
		};
/* End PBXGroup section */

/* Begin PBXNativeTarget section */
		18DD343E1AC449B700E9A24D /* WhereIsMyCarTwo */ = {
			isa = PBXNativeTarget;
			buildConfigurationList = 18DD34621AC449B700E9A24D /* Build configuration list for PBXNativeTarget "WhereIsMyCarTwo" */;
			buildPhases = (
				18DD343B1AC449B700E9A24D /* Sources */,
				18DD343C1AC449B700E9A24D /* Frameworks */,
				18DD343D1AC449B700E9A24D /* Resources */,
			);
			buildRules = (
			);
			dependencies = (
			);
			name = WhereIsMyCarTwo;
			productName = WhereIsMyCarTwo;
			productReference = 18DD343F1AC449B700E9A24D /* WhereIsMyCarTwo.app */;
			productType = "com.apple.product-type.application";
		};
		18DD34571AC449B700E9A24D /* WhereIsMyCarTwoTests */ = {
			isa = PBXNativeTarget;
			buildConfigurationList = 18DD34651AC449B700E9A24D /* Build configuration list for PBXNativeTarget "WhereIsMyCarTwoTests" */;
			buildPhases = (
				18DD34541AC449B700E9A24D /* Sources */,
				18DD34551AC449B700E9A24D /* Frameworks */,
				18DD34561AC449B700E9A24D /* Resources */,
			);
			buildRules = (
			);
			dependencies = (
				18DD345A1AC449B700E9A24D /* PBXTargetDependency */,
			);
			name = WhereIsMyCarTwoTests;
			productName = WhereIsMyCarTwoTests;
			productReference = 18DD34581AC449B700E9A24D /* WhereIsMyCarTwoTests.xctest */;
			productType = "com.apple.product-type.bundle.unit-test";
		};
/* End PBXNativeTarget section */

/* Begin PBXProject section */
		18DD34371AC449B700E9A24D /* Project object */ = {
			isa = PBXProject;
			attributes = {
				LastUpgradeCheck = 0620;
				ORGANIZATIONNAME = "The Iron Yard";
				TargetAttributes = {
					18DD343E1AC449B700E9A24D = {
						CreatedOnToolsVersion = 6.2;
					};
					18DD34571AC449B700E9A24D = {
						CreatedOnToolsVersion = 6.2;
						TestTargetID = 18DD343E1AC449B700E9A24D;
					};
				};
			};
			buildConfigurationList = 18DD343A1AC449B700E9A24D /* Build configuration list for PBXProject "WhereIsMyCarTwo" */;
			compatibilityVersion = "Xcode 3.2";
			developmentRegion = English;
			hasScannedForEncodings = 0;
			knownRegions = (
				en,
				Base,
			);
			mainGroup = 18DD34361AC449B700E9A24D;
			productRefGroup = 18DD34401AC449B700E9A24D /* Products */;
			projectDirPath = "";
			projectRoot = "";
			targets = (
				18DD343E1AC449B700E9A24D /* WhereIsMyCarTwo */,
				18DD34571AC449B700E9A24D /* WhereIsMyCarTwoTests */,
			);
		};
/* End PBXProject section */

/* Begin PBXResourcesBuildPhase section */
		18DD343D1AC449B700E9A24D /* Resources */ = {
			isa = PBXResourcesBuildPhase;
			buildActionMask = 2147483647;
			files = (
				18DD346B1AC44A1100E9A24D /* Main.storyboard in Resources */,
				18DD34531AC449B700E9A24D /* LaunchScreen.xib in Resources */,
				18DD34501AC449B700E9A24D /* Images.xcassets in Resources */,
			);
			runOnlyForDeploymentPostprocessing = 0;
		};
		18DD34561AC449B700E9A24D /* Resources */ = {
			isa = PBXResourcesBuildPhase;
			buildActionMask = 2147483647;
			files = (
			);
			runOnlyForDeploymentPostprocessing = 0;
		};
/* End PBXResourcesBuildPhase section */

/* Begin PBXSourcesBuildPhase section */
		18DD343B1AC449B700E9A24D /* Sources */ = {
			isa = PBXSourcesBuildPhase;
			buildActionMask = 2147483647;
			files = (
				18DD344B1AC449B700E9A24D /* ViewController.m in Sources */,
				18DD34481AC449B700E9A24D /* AppDelegate.m in Sources */,
				18DD34451AC449B700E9A24D /* main.m in Sources */,
			);
			runOnlyForDeploymentPostprocessing = 0;
		};
		18DD34541AC449B700E9A24D /* Sources */ = {
			isa = PBXSourcesBuildPhase;
			buildActionMask = 2147483647;
			files = (
				18DD345F1AC449B700E9A24D /* WhereIsMyCarTwoTests.m in Sources */,
			);
			runOnlyForDeploymentPostprocessing = 0;
		};
/* End PBXSourcesBuildPhase section */

/* Begin PBXTargetDependency section */
		18DD345A1AC449B700E9A24D /* PBXTargetDependency */ = {
			isa = PBXTargetDependency;
			target = 18DD343E1AC449B700E9A24D /* WhereIsMyCarTwo */;
			targetProxy = 18DD34591AC449B700E9A24D /* PBXContainerItemProxy */;
		};
/* End PBXTargetDependency section */

/* Begin PBXVariantGroup section */
		18DD34511AC449B700E9A24D /* LaunchScreen.xib */ = {
			isa = PBXVariantGroup;
			children = (
				18DD34521AC449B700E9A24D /* Base */,
			);
			name = LaunchScreen.xib;
			sourceTree = "<group>";
		};
/* End PBXVariantGroup section */

/* Begin XCBuildConfiguration section */
		18DD34601AC449B700E9A24D /* Debug */ = {
			isa = XCBuildConfiguration;
			buildSettings = {
				ALWAYS_SEARCH_USER_PATHS = NO;
				CLANG_CXX_LANGUAGE_STANDARD = "gnu++0x";
				CLANG_CXX_LIBRARY = "libc++";
				CLANG_ENABLE_MODULES = YES;
				CLANG_ENABLE_OBJC_ARC = YES;
				CLANG_WARN_BOOL_CONVERSION = YES;
				CLANG_WARN_CONSTANT_CONVERSION = YES;
				CLANG_WARN_DIRECT_OBJC_ISA_USAGE = YES_ERROR;
				CLANG_WARN_EMPTY_BODY = YES;
				CLANG_WARN_ENUM_CONVERSION = YES;
				CLANG_WARN_INT_CONVERSION = YES;
				CLANG_WARN_OBJC_ROOT_CLASS = YES_ERROR;
				CLANG_WARN_UNREACHABLE_CODE = YES;
				CLANG_WARN__DUPLICATE_METHOD_MATCH = YES;
				"CODE_SIGN_IDENTITY[sdk=iphoneos*]" = "iPhone Developer";
				COPY_PHASE_STRIP = NO;
				ENABLE_STRICT_OBJC_MSGSEND = YES;
				GCC_C_LANGUAGE_STANDARD = gnu99;
				GCC_DYNAMIC_NO_PIC = NO;
				GCC_OPTIMIZATION_LEVEL = 0;
				GCC_PREPROCESSOR_DEFINITIONS = (
					"DEBUG=1",
					"$(inherited)",
				);
				GCC_SYMBOLS_PRIVATE_EXTERN = NO;
				GCC_WARN_64_TO_32_BIT_CONVERSION = YES;
				GCC_WARN_ABOUT_RETURN_TYPE = YES_ERROR;
				GCC_WARN_UNDECLARED_SELECTOR = YES;
				GCC_WARN_UNINITIALIZED_AUTOS = YES_AGGRESSIVE;
				GCC_WARN_UNUSED_FUNCTION = YES;
				GCC_WARN_UNUSED_VARIABLE = YES;
				IPHONEOS_DEPLOYMENT_TARGET = 8.2;
				MTL_ENABLE_DEBUG_INFO = YES;
				ONLY_ACTIVE_ARCH = YES;
				SDKROOT = iphoneos;
			};
			name = Debug;
		};
		18DD34611AC449B700E9A24D /* Release */ = {
			isa = XCBuildConfiguration;
			buildSettings = {
				ALWAYS_SEARCH_USER_PATHS = NO;
				CLANG_CXX_LANGUAGE_STANDARD = "gnu++0x";
				CLANG_CXX_LIBRARY = "libc++";
				CLANG_ENABLE_MODULES = YES;
				CLANG_ENABLE_OBJC_ARC = YES;
				CLANG_WARN_BOOL_CONVERSION = YES;
				CLANG_WARN_CONSTANT_CONVERSION = YES;
				CLANG_WARN_DIRECT_OBJC_ISA_USAGE = YES_ERROR;
				CLANG_WARN_EMPTY_BODY = YES;
				CLANG_WARN_ENUM_CONVERSION = YES;
				CLANG_WARN_INT_CONVERSION = YES;
				CLANG_WARN_OBJC_ROOT_CLASS = YES_ERROR;
				CLANG_WARN_UNREACHABLE_CODE = YES;
				CLANG_WARN__DUPLICATE_METHOD_MATCH = YES;
				"CODE_SIGN_IDENTITY[sdk=iphoneos*]" = "iPhone Developer";
				COPY_PHASE_STRIP = NO;
				ENABLE_NS_ASSERTIONS = NO;
				ENABLE_STRICT_OBJC_MSGSEND = YES;
				GCC_C_LANGUAGE_STANDARD = gnu99;
				GCC_WARN_64_TO_32_BIT_CONVERSION = YES;
				GCC_WARN_ABOUT_RETURN_TYPE = YES_ERROR;
				GCC_WARN_UNDECLARED_SELECTOR = YES;
				GCC_WARN_UNINITIALIZED_AUTOS = YES_AGGRESSIVE;
				GCC_WARN_UNUSED_FUNCTION = YES;
				GCC_WARN_UNUSED_VARIABLE = YES;
				IPHONEOS_DEPLOYMENT_TARGET = 8.2;
				MTL_ENABLE_DEBUG_INFO = NO;
				SDKROOT = iphoneos;
				VALIDATE_PRODUCT = YES;
			};
			name = Release;
		};
		18DD34631AC449B700E9A24D /* Debug */ = {
			isa = XCBuildConfiguration;
			buildSettings = {
				ASSETCATALOG_COMPILER_APPICON_NAME = AppIcon;
				INFOPLIST_FILE = WhereIsMyCarTwo/Info.plist;
				LD_RUNPATH_SEARCH_PATHS = "$(inherited) @executable_path/Frameworks";
				PRODUCT_NAME = "$(TARGET_NAME)";
			};
			name = Debug;
		};
		18DD34641AC449B700E9A24D /* Release */ = {
			isa = XCBuildConfiguration;
			buildSettings = {
				ASSETCATALOG_COMPILER_APPICON_NAME = AppIcon;
				INFOPLIST_FILE = WhereIsMyCarTwo/Info.plist;
				LD_RUNPATH_SEARCH_PATHS = "$(inherited) @executable_path/Frameworks";
				PRODUCT_NAME = "$(TARGET_NAME)";
			};
			name = Release;
		};
		18DD34661AC449B700E9A24D /* Debug */ = {
			isa = XCBuildConfiguration;
			buildSettings = {
				BUNDLE_LOADER = "$(TEST_HOST)";
				FRAMEWORK_SEARCH_PATHS = (
					"$(SDKROOT)/Developer/Library/Frameworks",
					"$(inherited)",
				);
				GCC_PREPROCESSOR_DEFINITIONS = (
					"DEBUG=1",
					"$(inherited)",
				);
				INFOPLIST_FILE = WhereIsMyCarTwoTests/Info.plist;
				LD_RUNPATH_SEARCH_PATHS = "$(inherited) @executable_path/Frameworks @loader_path/Frameworks";
				PRODUCT_NAME = "$(TARGET_NAME)";
				TEST_HOST = "$(BUILT_PRODUCTS_DIR)/WhereIsMyCarTwo.app/WhereIsMyCarTwo";
			};
			name = Debug;
		};
		18DD34671AC449B700E9A24D /* Release */ = {
			isa = XCBuildConfiguration;
			buildSettings = {
				BUNDLE_LOADER = "$(TEST_HOST)";
				FRAMEWORK_SEARCH_PATHS = (
					"$(SDKROOT)/Developer/Library/Frameworks",
					"$(inherited)",
				);
				INFOPLIST_FILE = WhereIsMyCarTwoTests/Info.plist;
				LD_RUNPATH_SEARCH_PATHS = "$(inherited) @executable_path/Frameworks @loader_path/Frameworks";
				PRODUCT_NAME = "$(TARGET_NAME)";
				TEST_HOST = "$(BUILT_PRODUCTS_DIR)/WhereIsMyCarTwo.app/WhereIsMyCarTwo";
			};
			name = Release;
		};
/* End XCBuildConfiguration section */

/* Begin XCConfigurationList section */
		18DD343A1AC449B700E9A24D /* Build configuration list for PBXProject "WhereIsMyCarTwo" */ = {
			isa = XCConfigurationList;
			buildConfigurations = (
				18DD34601AC449B700E9A24D /* Debug */,
				18DD34611AC449B700E9A24D /* Release */,
			);
			defaultConfigurationIsVisible = 0;
			defaultConfigurationName = Release;
		};
		18DD34621AC449B700E9A24D /* Build configuration list for PBXNativeTarget "WhereIsMyCarTwo" */ = {
			isa = XCConfigurationList;
			buildConfigurations = (
				18DD34631AC449B700E9A24D /* Debug */,
				18DD34641AC449B700E9A24D /* Release */,
			);
			defaultConfigurationIsVisible = 0;
		};
		18DD34651AC449B700E9A24D /* Build configuration list for PBXNativeTarget "WhereIsMyCarTwoTests" */ = {
			isa = XCConfigurationList;
			buildConfigurations = (
				18DD34661AC449B700E9A24D /* Debug */,
				18DD34671AC449B700E9A24D /* Release */,
			);
			defaultConfigurationIsVisible = 0;
		};
/* End XCConfigurationList section */
	};
	rootObject = 18DD34371AC449B700E9A24D /* Project object */;
}
