// !$*UTF8*$!
{
	archiveVersion = 1;
	classes = {
	};
	objectVersion = 46;
	objects = {

/* Begin PBXBuildFile section */
		18B12ED11AE7ED17005938F1 /* main.m in Sources */ = {isa = PBXBuildFile; fileRef = 18B12ED01AE7ED17005938F1 /* main.m */; };
		18B12ED41AE7ED17005938F1 /* AppDelegate.m in Sources */ = {isa = PBXBuildFile; fileRef = 18B12ED31AE7ED17005938F1 /* AppDelegate.m */; };
		18B12ED71AE7ED17005938F1 /* ViewController.m in Sources */ = {isa = PBXBuildFile; fileRef = 18B12ED61AE7ED17005938F1 /* ViewController.m */; };
		18B12EDA1AE7ED17005938F1 /* Main.storyboard in Resources */ = {isa = PBXBuildFile; fileRef = 18B12ED81AE7ED17005938F1 /* Main.storyboard */; };
		18B12EDC1AE7ED17005938F1 /* Images.xcassets in Resources */ = {isa = PBXBuildFile; fileRef = 18B12EDB1AE7ED17005938F1 /* Images.xcassets */; };
		18B12EDF1AE7ED17005938F1 /* LaunchScreen.xib in Resources */ = {isa = PBXBuildFile; fileRef = 18B12EDD1AE7ED17005938F1 /* LaunchScreen.xib */; };
		18B12EEB1AE7ED17005938F1 /* Multi_PeerTests.m in Sources */ = {isa = PBXBuildFile; fileRef = 18B12EEA1AE7ED17005938F1 /* Multi_PeerTests.m */; };
/* End PBXBuildFile section */

/* Begin PBXContainerItemProxy section */
		18B12EE51AE7ED17005938F1 /* PBXContainerItemProxy */ = {
			isa = PBXContainerItemProxy;
			containerPortal = 18B12EC31AE7ED16005938F1 /* Project object */;
			proxyType = 1;
			remoteGlobalIDString = 18B12ECA1AE7ED17005938F1;
			remoteInfo = "Multi-Peer";
		};
/* End PBXContainerItemProxy section */

/* Begin PBXFileReference section */
		18B12ECB1AE7ED17005938F1 /* Multi-Peer.app */ = {isa = PBXFileReference; explicitFileType = wrapper.application; includeInIndex = 0; path = "Multi-Peer.app"; sourceTree = BUILT_PRODUCTS_DIR; };
		18B12ECF1AE7ED17005938F1 /* Info.plist */ = {isa = PBXFileReference; lastKnownFileType = text.plist.xml; path = Info.plist; sourceTree = "<group>"; };
		18B12ED01AE7ED17005938F1 /* main.m */ = {isa = PBXFileReference; lastKnownFileType = sourcecode.c.objc; path = main.m; sourceTree = "<group>"; };
		18B12ED21AE7ED17005938F1 /* AppDelegate.h */ = {isa = PBXFileReference; lastKnownFileType = sourcecode.c.h; path = AppDelegate.h; sourceTree = "<group>"; };
		18B12ED31AE7ED17005938F1 /* AppDelegate.m */ = {isa = PBXFileReference; lastKnownFileType = sourcecode.c.objc; path = AppDelegate.m; sourceTree = "<group>"; };
		18B12ED51AE7ED17005938F1 /* ViewController.h */ = {isa = PBXFileReference; lastKnownFileType = sourcecode.c.h; path = ViewController.h; sourceTree = "<group>"; };
		18B12ED61AE7ED17005938F1 /* ViewController.m */ = {isa = PBXFileReference; lastKnownFileType = sourcecode.c.objc; path = ViewController.m; sourceTree = "<group>"; };
		18B12ED91AE7ED17005938F1 /* Base */ = {isa = PBXFileReference; lastKnownFileType = file.storyboard; name = Base; path = Base.lproj/Main.storyboard; sourceTree = "<group>"; };
		18B12EDB1AE7ED17005938F1 /* Images.xcassets */ = {isa = PBXFileReference; lastKnownFileType = folder.assetcatalog; path = Images.xcassets; sourceTree = "<group>"; };
		18B12EDE1AE7ED17005938F1 /* Base */ = {isa = PBXFileReference; lastKnownFileType = file.xib; name = Base; path = Base.lproj/LaunchScreen.xib; sourceTree = "<group>"; };
		18B12EE41AE7ED17005938F1 /* Multi-PeerTests.xctest */ = {isa = PBXFileReference; explicitFileType = wrapper.cfbundle; includeInIndex = 0; path = "Multi-PeerTests.xctest"; sourceTree = BUILT_PRODUCTS_DIR; };
		18B12EE91AE7ED17005938F1 /* Info.plist */ = {isa = PBXFileReference; lastKnownFileType = text.plist.xml; path = Info.plist; sourceTree = "<group>"; };
		18B12EEA1AE7ED17005938F1 /* Multi_PeerTests.m */ = {isa = PBXFileReference; lastKnownFileType = sourcecode.c.objc; path = Multi_PeerTests.m; sourceTree = "<group>"; };
/* End PBXFileReference section */

/* Begin PBXFrameworksBuildPhase section */
		18B12EC81AE7ED17005938F1 /* Frameworks */ = {
			isa = PBXFrameworksBuildPhase;
			buildActionMask = 2147483647;
			files = (
			);
			runOnlyForDeploymentPostprocessing = 0;
		};
		18B12EE11AE7ED17005938F1 /* Frameworks */ = {
			isa = PBXFrameworksBuildPhase;
			buildActionMask = 2147483647;
			files = (
			);
			runOnlyForDeploymentPostprocessing = 0;
		};
/* End PBXFrameworksBuildPhase section */

/* Begin PBXGroup section */
		18B12EC21AE7ED16005938F1 = {
			isa = PBXGroup;
			children = (
				18B12ECD1AE7ED17005938F1 /* Multi-Peer */,
				18B12EE71AE7ED17005938F1 /* Multi-PeerTests */,
				18B12ECC1AE7ED17005938F1 /* Products */,
			);
			sourceTree = "<group>";
		};
		18B12ECC1AE7ED17005938F1 /* Products */ = {
			isa = PBXGroup;
			children = (
				18B12ECB1AE7ED17005938F1 /* Multi-Peer.app */,
				18B12EE41AE7ED17005938F1 /* Multi-PeerTests.xctest */,
			);
			name = Products;
			sourceTree = "<group>";
		};
		18B12ECD1AE7ED17005938F1 /* Multi-Peer */ = {
			isa = PBXGroup;
			children = (
				18B12ED21AE7ED17005938F1 /* AppDelegate.h */,
				18B12ED31AE7ED17005938F1 /* AppDelegate.m */,
				18B12ED51AE7ED17005938F1 /* ViewController.h */,
				18B12ED61AE7ED17005938F1 /* ViewController.m */,
				18B12ED81AE7ED17005938F1 /* Main.storyboard */,
				18B12EDB1AE7ED17005938F1 /* Images.xcassets */,
				18B12EDD1AE7ED17005938F1 /* LaunchScreen.xib */,
				18B12ECE1AE7ED17005938F1 /* Supporting Files */,
			);
			path = "Multi-Peer";
			sourceTree = "<group>";
		};
		18B12ECE1AE7ED17005938F1 /* Supporting Files */ = {
			isa = PBXGroup;
			children = (
				18B12ECF1AE7ED17005938F1 /* Info.plist */,
				18B12ED01AE7ED17005938F1 /* main.m */,
			);
			name = "Supporting Files";
			sourceTree = "<group>";
		};
		18B12EE71AE7ED17005938F1 /* Multi-PeerTests */ = {
			isa = PBXGroup;
			children = (
				18B12EEA1AE7ED17005938F1 /* Multi_PeerTests.m */,
				18B12EE81AE7ED17005938F1 /* Supporting Files */,
			);
			path = "Multi-PeerTests";
			sourceTree = "<group>";
		};
		18B12EE81AE7ED17005938F1 /* Supporting Files */ = {
			isa = PBXGroup;
			children = (
				18B12EE91AE7ED17005938F1 /* Info.plist */,
			);
			name = "Supporting Files";
			sourceTree = "<group>";
		};
/* End PBXGroup section */

/* Begin PBXNativeTarget section */
		18B12ECA1AE7ED17005938F1 /* Multi-Peer */ = {
			isa = PBXNativeTarget;
			buildConfigurationList = 18B12EEE1AE7ED17005938F1 /* Build configuration list for PBXNativeTarget "Multi-Peer" */;
			buildPhases = (
				18B12EC71AE7ED17005938F1 /* Sources */,
				18B12EC81AE7ED17005938F1 /* Frameworks */,
				18B12EC91AE7ED17005938F1 /* Resources */,
			);
			buildRules = (
			);
			dependencies = (
			);
			name = "Multi-Peer";
			productName = "Multi-Peer";
			productReference = 18B12ECB1AE7ED17005938F1 /* Multi-Peer.app */;
			productType = "com.apple.product-type.application";
		};
		18B12EE31AE7ED17005938F1 /* Multi-PeerTests */ = {
			isa = PBXNativeTarget;
			buildConfigurationList = 18B12EF11AE7ED17005938F1 /* Build configuration list for PBXNativeTarget "Multi-PeerTests" */;
			buildPhases = (
				18B12EE01AE7ED17005938F1 /* Sources */,
				18B12EE11AE7ED17005938F1 /* Frameworks */,
				18B12EE21AE7ED17005938F1 /* Resources */,
			);
			buildRules = (
			);
			dependencies = (
				18B12EE61AE7ED17005938F1 /* PBXTargetDependency */,
			);
			name = "Multi-PeerTests";
			productName = "Multi-PeerTests";
			productReference = 18B12EE41AE7ED17005938F1 /* Multi-PeerTests.xctest */;
			productType = "com.apple.product-type.bundle.unit-test";
		};
/* End PBXNativeTarget section */

/* Begin PBXProject section */
		18B12EC31AE7ED16005938F1 /* Project object */ = {
			isa = PBXProject;
			attributes = {
				LastUpgradeCheck = 0630;
				ORGANIZATIONNAME = "The Iron Yard";
				TargetAttributes = {
					18B12ECA1AE7ED17005938F1 = {
						CreatedOnToolsVersion = 6.3;
					};
					18B12EE31AE7ED17005938F1 = {
						CreatedOnToolsVersion = 6.3;
						TestTargetID = 18B12ECA1AE7ED17005938F1;
					};
				};
			};
			buildConfigurationList = 18B12EC61AE7ED16005938F1 /* Build configuration list for PBXProject "Multi-Peer" */;
			compatibilityVersion = "Xcode 3.2";
			developmentRegion = English;
			hasScannedForEncodings = 0;
			knownRegions = (
				en,
				Base,
			);
			mainGroup = 18B12EC21AE7ED16005938F1;
			productRefGroup = 18B12ECC1AE7ED17005938F1 /* Products */;
			projectDirPath = "";
			projectRoot = "";
			targets = (
				18B12ECA1AE7ED17005938F1 /* Multi-Peer */,
				18B12EE31AE7ED17005938F1 /* Multi-PeerTests */,
			);
		};
/* End PBXProject section */

/* Begin PBXResourcesBuildPhase section */
		18B12EC91AE7ED17005938F1 /* Resources */ = {
			isa = PBXResourcesBuildPhase;
			buildActionMask = 2147483647;
			files = (
				18B12EDA1AE7ED17005938F1 /* Main.storyboard in Resources */,
				18B12EDF1AE7ED17005938F1 /* LaunchScreen.xib in Resources */,
				18B12EDC1AE7ED17005938F1 /* Images.xcassets in Resources */,
			);
			runOnlyForDeploymentPostprocessing = 0;
		};
		18B12EE21AE7ED17005938F1 /* Resources */ = {
			isa = PBXResourcesBuildPhase;
			buildActionMask = 2147483647;
			files = (
			);
			runOnlyForDeploymentPostprocessing = 0;
		};
/* End PBXResourcesBuildPhase section */

/* Begin PBXSourcesBuildPhase section */
		18B12EC71AE7ED17005938F1 /* Sources */ = {
			isa = PBXSourcesBuildPhase;
			buildActionMask = 2147483647;
			files = (
				18B12ED71AE7ED17005938F1 /* ViewController.m in Sources */,
				18B12ED41AE7ED17005938F1 /* AppDelegate.m in Sources */,
				18B12ED11AE7ED17005938F1 /* main.m in Sources */,
			);
			runOnlyForDeploymentPostprocessing = 0;
		};
		18B12EE01AE7ED17005938F1 /* Sources */ = {
			isa = PBXSourcesBuildPhase;
			buildActionMask = 2147483647;
			files = (
				18B12EEB1AE7ED17005938F1 /* Multi_PeerTests.m in Sources */,
			);
			runOnlyForDeploymentPostprocessing = 0;
		};
/* End PBXSourcesBuildPhase section */

/* Begin PBXTargetDependency section */
		18B12EE61AE7ED17005938F1 /* PBXTargetDependency */ = {
			isa = PBXTargetDependency;
			target = 18B12ECA1AE7ED17005938F1 /* Multi-Peer */;
			targetProxy = 18B12EE51AE7ED17005938F1 /* PBXContainerItemProxy */;
		};
/* End PBXTargetDependency section */

/* Begin PBXVariantGroup section */
		18B12ED81AE7ED17005938F1 /* Main.storyboard */ = {
			isa = PBXVariantGroup;
			children = (
				18B12ED91AE7ED17005938F1 /* Base */,
			);
			name = Main.storyboard;
			sourceTree = "<group>";
		};
		18B12EDD1AE7ED17005938F1 /* LaunchScreen.xib */ = {
			isa = PBXVariantGroup;
			children = (
				18B12EDE1AE7ED17005938F1 /* Base */,
			);
			name = LaunchScreen.xib;
			sourceTree = "<group>";
		};
/* End PBXVariantGroup section */

/* Begin XCBuildConfiguration section */
		18B12EEC1AE7ED17005938F1 /* Debug */ = {
			isa = XCBuildConfiguration;
			buildSettings = {
				ALWAYS_SEARCH_USER_PATHS = NO;
				CLANG_CXX_LANGUAGE_STANDARD = "gnu++0x";
				CLANG_CXX_LIBRARY = "libc++";
				CLANG_ENABLE_MODULES = YES;
				CLANG_ENABLE_OBJC_ARC = YES;
				CLANG_WARN_BOOL_CONVERSION = YES;
				CLANG_WARN_CONSTANT_CONVERSION = YES;
				CLANG_WARN_DIRECT_OBJC_ISA_USAGE = YES_ERROR;
				CLANG_WARN_EMPTY_BODY = YES;
				CLANG_WARN_ENUM_CONVERSION = YES;
				CLANG_WARN_INT_CONVERSION = YES;
				CLANG_WARN_OBJC_ROOT_CLASS = YES_ERROR;
				CLANG_WARN_UNREACHABLE_CODE = YES;
				CLANG_WARN__DUPLICATE_METHOD_MATCH = YES;
				"CODE_SIGN_IDENTITY[sdk=iphoneos*]" = "iPhone Developer";
				COPY_PHASE_STRIP = NO;
				DEBUG_INFORMATION_FORMAT = "dwarf-with-dsym";
				ENABLE_STRICT_OBJC_MSGSEND = YES;
				GCC_C_LANGUAGE_STANDARD = gnu99;
				GCC_DYNAMIC_NO_PIC = NO;
				GCC_NO_COMMON_BLOCKS = YES;
				GCC_OPTIMIZATION_LEVEL = 0;
				GCC_PREPROCESSOR_DEFINITIONS = (
					"DEBUG=1",
					"$(inherited)",
				);
				GCC_SYMBOLS_PRIVATE_EXTERN = NO;
				GCC_WARN_64_TO_32_BIT_CONVERSION = YES;
				GCC_WARN_ABOUT_RETURN_TYPE = YES_ERROR;
				GCC_WARN_UNDECLARED_SELECTOR = YES;
				GCC_WARN_UNINITIALIZED_AUTOS = YES_AGGRESSIVE;
				GCC_WARN_UNUSED_FUNCTION = YES;
				GCC_WARN_UNUSED_VARIABLE = YES;
				IPHONEOS_DEPLOYMENT_TARGET = 8.3;
				MTL_ENABLE_DEBUG_INFO = YES;
				ONLY_ACTIVE_ARCH = YES;
				SDKROOT = iphoneos;
			};
			name = Debug;
		};
		18B12EED1AE7ED17005938F1 /* Release */ = {
			isa = XCBuildConfiguration;
			buildSettings = {
				ALWAYS_SEARCH_USER_PATHS = NO;
				CLANG_CXX_LANGUAGE_STANDARD = "gnu++0x";
				CLANG_CXX_LIBRARY = "libc++";
				CLANG_ENABLE_MODULES = YES;
				CLANG_ENABLE_OBJC_ARC = YES;
				CLANG_WARN_BOOL_CONVERSION = YES;
				CLANG_WARN_CONSTANT_CONVERSION = YES;
				CLANG_WARN_DIRECT_OBJC_ISA_USAGE = YES_ERROR;
				CLANG_WARN_EMPTY_BODY = YES;
				CLANG_WARN_ENUM_CONVERSION = YES;
				CLANG_WARN_INT_CONVERSION = YES;
				CLANG_WARN_OBJC_ROOT_CLASS = YES_ERROR;
				CLANG_WARN_UNREACHABLE_CODE = YES;
				CLANG_WARN__DUPLICATE_METHOD_MATCH = YES;
				"CODE_SIGN_IDENTITY[sdk=iphoneos*]" = "iPhone Developer";
				COPY_PHASE_STRIP = NO;
				DEBUG_INFORMATION_FORMAT = "dwarf-with-dsym";
				ENABLE_NS_ASSERTIONS = NO;
				ENABLE_STRICT_OBJC_MSGSEND = YES;
				GCC_C_LANGUAGE_STANDARD = gnu99;
				GCC_NO_COMMON_BLOCKS = YES;
				GCC_WARN_64_TO_32_BIT_CONVERSION = YES;
				GCC_WARN_ABOUT_RETURN_TYPE = YES_ERROR;
				GCC_WARN_UNDECLARED_SELECTOR = YES;
				GCC_WARN_UNINITIALIZED_AUTOS = YES_AGGRESSIVE;
				GCC_WARN_UNUSED_FUNCTION = YES;
				GCC_WARN_UNUSED_VARIABLE = YES;
				IPHONEOS_DEPLOYMENT_TARGET = 8.3;
				MTL_ENABLE_DEBUG_INFO = NO;
				SDKROOT = iphoneos;
				VALIDATE_PRODUCT = YES;
			};
			name = Release;
		};
		18B12EEF1AE7ED17005938F1 /* Debug */ = {
			isa = XCBuildConfiguration;
			buildSettings = {
				ASSETCATALOG_COMPILER_APPICON_NAME = AppIcon;
				INFOPLIST_FILE = "Multi-Peer/Info.plist";
				LD_RUNPATH_SEARCH_PATHS = "$(inherited) @executable_path/Frameworks";
				PRODUCT_NAME = "$(TARGET_NAME)";
			};
			name = Debug;
		};
		18B12EF01AE7ED17005938F1 /* Release */ = {
			isa = XCBuildConfiguration;
			buildSettings = {
				ASSETCATALOG_COMPILER_APPICON_NAME = AppIcon;
				INFOPLIST_FILE = "Multi-Peer/Info.plist";
				LD_RUNPATH_SEARCH_PATHS = "$(inherited) @executable_path/Frameworks";
				PRODUCT_NAME = "$(TARGET_NAME)";
			};
			name = Release;
		};
		18B12EF21AE7ED17005938F1 /* Debug */ = {
			isa = XCBuildConfiguration;
			buildSettings = {
				BUNDLE_LOADER = "$(TEST_HOST)";
				FRAMEWORK_SEARCH_PATHS = (
					"$(SDKROOT)/Developer/Library/Frameworks",
					"$(inherited)",
				);
				GCC_PREPROCESSOR_DEFINITIONS = (
					"DEBUG=1",
					"$(inherited)",
				);
				INFOPLIST_FILE = "Multi-PeerTests/Info.plist";
				LD_RUNPATH_SEARCH_PATHS = "$(inherited) @executable_path/Frameworks @loader_path/Frameworks";
				PRODUCT_NAME = "$(TARGET_NAME)";
				TEST_HOST = "$(BUILT_PRODUCTS_DIR)/Multi-Peer.app/Multi-Peer";
			};
			name = Debug;
		};
		18B12EF31AE7ED17005938F1 /* Release */ = {
			isa = XCBuildConfiguration;
			buildSettings = {
				BUNDLE_LOADER = "$(TEST_HOST)";
				FRAMEWORK_SEARCH_PATHS = (
					"$(SDKROOT)/Developer/Library/Frameworks",
					"$(inherited)",
				);
				INFOPLIST_FILE = "Multi-PeerTests/Info.plist";
				LD_RUNPATH_SEARCH_PATHS = "$(inherited) @executable_path/Frameworks @loader_path/Frameworks";
				PRODUCT_NAME = "$(TARGET_NAME)";
				TEST_HOST = "$(BUILT_PRODUCTS_DIR)/Multi-Peer.app/Multi-Peer";
			};
			name = Release;
		};
/* End XCBuildConfiguration section */

/* Begin XCConfigurationList section */
		18B12EC61AE7ED16005938F1 /* Build configuration list for PBXProject "Multi-Peer" */ = {
			isa = XCConfigurationList;
			buildConfigurations = (
				18B12EEC1AE7ED17005938F1 /* Debug */,
				18B12EED1AE7ED17005938F1 /* Release */,
			);
			defaultConfigurationIsVisible = 0;
			defaultConfigurationName = Release;
		};
		18B12EEE1AE7ED17005938F1 /* Build configuration list for PBXNativeTarget "Multi-Peer" */ = {
			isa = XCConfigurationList;
			buildConfigurations = (
				18B12EEF1AE7ED17005938F1 /* Debug */,
				18B12EF01AE7ED17005938F1 /* Release */,
			);
			defaultConfigurationIsVisible = 0;
		};
		18B12EF11AE7ED17005938F1 /* Build configuration list for PBXNativeTarget "Multi-PeerTests" */ = {
			isa = XCConfigurationList;
			buildConfigurations = (
				18B12EF21AE7ED17005938F1 /* Debug */,
				18B12EF31AE7ED17005938F1 /* Release */,
			);
			defaultConfigurationIsVisible = 0;
		};
/* End XCConfigurationList section */
	};
	rootObject = 18B12EC31AE7ED16005938F1 /* Project object */;
}
